{
    "name": "palm-netlify-proxy",
    "version": "1.0.1",
    "lockfileVersion": 3,
    "requires": true,
    "packages": {
        "": {
            "name": "palm-netlify-proxy",
            "version": "1.0.1",
            "devDependencies": {
                "@netlify/edge-functions": "2.11.1"
            }
        },
        "node_modules/@netlify/edge-functions": {
            "version": "2.11.1",
            "resolved": "https://registry.npmjs.org/@netlify/edge-functions/-/edge-functions-2.11.1.tgz",
            "integrity": "sha512-pyQOTZ8a+ge5lZlE+H/UAHyuqQqtL5gE0pXrHT9mOykr3YQqnkB2hZMtx12odatZ87gHg4EA+UPyMZUbLfnXvw==",
            "dev": true,
            "license": "MIT"
        }
    }
}
