{
    "name": "palm-netlify-proxy",
    "version": "1.0.0",
    "lockfileVersion": 3,
    "requires": true,
    "packages": {
        "": {
            "name": "palm-netlify-proxy",
            "version": "1.0.0",
            "devDependencies": {
                "@netlify/edge-functions": "2.2.0"
            }
        },
        "node_modules/@netlify/edge-functions": {
            "version": "2.2.0",
            "resolved": "https://registry.npmjs.org/@netlify/edge-functions/-/edge-functions-2.2.0.tgz",
            "integrity": "sha512-8UeKA2nUDB0oWE+Z0gLpA7wpLq8nM+NrZEQMfSdzfMJNvmYVabil/mS07rb0EBrUxM9PCKidKenaiCRnPTBSKw==",
            "dev": true
        }
    }
}
